
Microsoft Visual Studio Solution File, Format Version 12.00
# Visual Studio 14
VisualStudioVersion = 14.0.23107.0
MinimumVisualStudioVersion = 10.0.40219.1
Project("{8BC9CEB8-8B4A-11D0-8D11-00A0C91BC942}") = "xcommon", "xcommon.vcxproj", "{02F68707-FAAC-4A66-B36A-EC4D16793B67}"
EndProject
Project("{8BC9CEB8-8B4A-11D0-8D11-00A0C91BC942}") = "gtest", "..\..\winTools\gtest\gtest-1.7.0\msvc\gtest.vcxproj", "{C8F6C172-56F2-4E76-B5FA-C3B423B31BE7}"
EndProject
Project("{8BC9CEB8-8B4A-11D0-8D11-00A0C91BC942}") = "XcommonTests", "XcommonTests\XcommonTests.vcxproj", "{D5A2ACBD-F9CA-45DE-948A-D323146BA833}"
EndProject
Project("{8BC9CEB8-8B4A-11D0-8D11-00A0C91BC942}") = "ConvertTem", "ConvertTem\ConvertTem.vcxproj", "{2A3DA8BF-EEC7-44EA-AC8E-8384C4229077}"
EndProject
Global
	GlobalSection(SolutionConfigurationPlatforms) = preSolution
		Debug|x64 = Debug|x64
		Debug|x86 = Debug|x86
		Release|x64 = Release|x64
		Release|x86 = Release|x86
	EndGlobalSection
	GlobalSection(ProjectConfigurationPlatforms) = postSolution
		{02F68707-FAAC-4A66-B36A-EC4D16793B67}.Debug|x64.ActiveCfg = Debug|x64
		{02F68707-FAAC-4A66-B36A-EC4D16793B67}.Debug|x64.Build.0 = Debug|x64
		{02F68707-FAAC-4A66-B36A-EC4D16793B67}.Debug|x86.ActiveCfg = Debug|Win32
		{02F68707-FAAC-4A66-B36A-EC4D16793B67}.Debug|x86.Build.0 = Debug|Win32
		{02F68707-FAAC-4A66-B36A-EC4D16793B67}.Release|x64.ActiveCfg = Release|x64
		{02F68707-FAAC-4A66-B36A-EC4D16793B67}.Release|x64.Build.0 = Release|x64
		{02F68707-FAAC-4A66-B36A-EC4D16793B67}.Release|x86.ActiveCfg = Release|Win32
		{02F68707-FAAC-4A66-B36A-EC4D16793B67}.Release|x86.Build.0 = Release|Win32
		{C8F6C172-56F2-4E76-B5FA-C3B423B31BE7}.Debug|x64.ActiveCfg = Debug|Win32
		{C8F6C172-56F2-4E76-B5FA-C3B423B31BE7}.Debug|x86.ActiveCfg = Debug|Win32
		{C8F6C172-56F2-4E76-B5FA-C3B423B31BE7}.Debug|x86.Build.0 = Debug|Win32
		{C8F6C172-56F2-4E76-B5FA-C3B423B31BE7}.Release|x64.ActiveCfg = Release|Win32
		{C8F6C172-56F2-4E76-B5FA-C3B423B31BE7}.Release|x86.ActiveCfg = Release|Win32
		{C8F6C172-56F2-4E76-B5FA-C3B423B31BE7}.Release|x86.Build.0 = Release|Win32
		{D5A2ACBD-F9CA-45DE-948A-D323146BA833}.Debug|x64.ActiveCfg = Debug|x64
		{D5A2ACBD-F9CA-45DE-948A-D323146BA833}.Debug|x64.Build.0 = Debug|x64
		{D5A2ACBD-F9CA-45DE-948A-D323146BA833}.Debug|x86.ActiveCfg = Debug|Win32
		{D5A2ACBD-F9CA-45DE-948A-D323146BA833}.Debug|x86.Build.0 = Debug|Win32
		{D5A2ACBD-F9CA-45DE-948A-D323146BA833}.Release|x64.ActiveCfg = Release|x64
		{D5A2ACBD-F9CA-45DE-948A-D323146BA833}.Release|x64.Build.0 = Release|x64
		{D5A2ACBD-F9CA-45DE-948A-D323146BA833}.Release|x86.ActiveCfg = Release|Win32
		{D5A2ACBD-F9CA-45DE-948A-D323146BA833}.Release|x86.Build.0 = Release|Win32
		{2A3DA8BF-EEC7-44EA-AC8E-8384C4229077}.Debug|x64.ActiveCfg = Debug|x64
		{2A3DA8BF-EEC7-44EA-AC8E-8384C4229077}.Debug|x64.Build.0 = Debug|x64
		{2A3DA8BF-EEC7-44EA-AC8E-8384C4229077}.Debug|x86.ActiveCfg = Debug|Win32
		{2A3DA8BF-EEC7-44EA-AC8E-8384C4229077}.Debug|x86.Build.0 = Debug|Win32
		{2A3DA8BF-EEC7-44EA-AC8E-8384C4229077}.Release|x64.ActiveCfg = Release|x64
		{2A3DA8BF-EEC7-44EA-AC8E-8384C4229077}.Release|x64.Build.0 = Release|x64
		{2A3DA8BF-EEC7-44EA-AC8E-8384C4229077}.Release|x86.ActiveCfg = Release|Win32
		{2A3DA8BF-EEC7-44EA-AC8E-8384C4229077}.Release|x86.Build.0 = Release|Win32
	EndGlobalSection
	GlobalSection(SolutionProperties) = preSolution
		HideSolutionNode = FALSE
	EndGlobalSection
EndGlobal
