<?xml version="1.0" encoding="utf-8"?>
<Project ToolsVersion="4.0" xmlns="http://schemas.microsoft.com/developer/msbuild/2003">
  <ItemGroup>
    <Filter Include="Source Files">
      <UniqueIdentifier>{4FC737F1-C7A5-4376-A066-2A32D752A2FF}</UniqueIdentifier>
      <Extensions>cpp;c;cc;cxx;def;odl;idl;hpj;bat;asm;asmx</Extensions>
    </Filter>
    <Filter Include="Header Files">
      <UniqueIdentifier>{93995380-89BD-4b04-88EB-625FBE52EBFB}</UniqueIdentifier>
      <Extensions>h;hh;hpp;hxx;hm;inl;inc;xsd</Extensions>
    </Filter>
    <Filter Include="Resource Files">
      <UniqueIdentifier>{67DA6AB6-F800-4c08-8B7A-83BB121AAD01}</UniqueIdentifier>
      <Extensions>rc;ico;cur;bmp;dlg;rc2;rct;bin;rgs;gif;jpg;jpeg;jpe;resx;tiff;tif;png;wav</Extensions>
    </Filter>
  </ItemGroup>
  <ItemGroup>
    <ClCompile Include="..\crypt\src\Crypt.cpp">
      <Filter>Source Files</Filter>
    </ClCompile>
    <ClCompile Include="..\key\gtest\bitTable.cpp">
      <Filter>Source Files</Filter>
    </ClCompile>
    <ClCompile Include="..\key\src\Key.cpp">
      <Filter>Source Files</Filter>
    </ClCompile>
    <ClCompile Include="..\lzo\src\Lzo.cpp">
      <Filter>Source Files</Filter>
    </ClCompile>
    <ClCompile Include="..\lzo\src\minilzo.cpp">
      <Filter>Source Files</Filter>
    </ClCompile>
    <ClCompile Include="..\lzo\src\minilzo.c">
      <Filter>Source Files</Filter>
    </ClCompile>
    <ClCompile Include="..\sha1\src\Sha1.cpp">
      <Filter>Source Files</Filter>
    </ClCompile>
    <ClCompile Include="..\wavefile\src\CaptureWave.cpp">
      <Filter>Source Files</Filter>
    </ClCompile>
    <ClCompile Include="..\wavefile\src\CaptureWaveData.cpp">
      <Filter>Source Files</Filter>
    </ClCompile>
    <ClCompile Include="..\wavefile\src\CaptureWaveHeader.cpp">
      <Filter>Source Files</Filter>
    </ClCompile>
    <ClCompile Include="..\wavefile\src\PlaybackWave.cpp">
      <Filter>Source Files</Filter>
    </ClCompile>
    <ClCompile Include="..\wavefile\src\WaveFileHeader.cpp">
      <Filter>Source Files</Filter>
    </ClCompile>
    <ClCompile Include="..\WaveFile\src\PlaybackWaveHeader.cpp">
      <Filter>Source Files</Filter>
    </ClCompile>
    <ClCompile Include="..\Feature\src\Feature.cpp">
      <Filter>Source Files</Filter>
    </ClCompile>
    <ClCompile Include="..\key\src\GlobalKey.cpp">
      <Filter>Source Files</Filter>
    </ClCompile>
    <ClCompile Include="..\PathUtils\src\PathUtils.cpp">
      <Filter>Source Files</Filter>
    </ClCompile>
    <ClCompile Include="..\Feature\src\GenericFeature.cpp">
      <Filter>Source Files</Filter>
    </ClCompile>
  </ItemGroup>
  <ItemGroup>
    <ClInclude Include="..\inc\CaptureWave.h">
      <Filter>Header Files</Filter>
    </ClInclude>
    <ClInclude Include="..\inc\CaptureWaveHeader.h">
      <Filter>Header Files</Filter>
    </ClInclude>
    <ClInclude Include="..\inc\Crypt.h">
      <Filter>Header Files</Filter>
    </ClInclude>
    <ClInclude Include="..\inc\IKey.h">
      <Filter>Header Files</Filter>
    </ClInclude>
    <ClInclude Include="..\inc\IWaveFile.h">
      <Filter>Header Files</Filter>
    </ClInclude>
    <ClInclude Include="..\inc\Lzo.h">
      <Filter>Header Files</Filter>
    </ClInclude>
    <ClInclude Include="..\inc\PlaybackWave.h">
      <Filter>Header Files</Filter>
    </ClInclude>
    <ClInclude Include="..\inc\PlaybackWaveHeader.h">
      <Filter>Header Files</Filter>
    </ClInclude>
    <ClInclude Include="..\inc\Sha1.h">
      <Filter>Header Files</Filter>
    </ClInclude>
    <ClInclude Include="..\inc\ByteTransfer.hpp">
      <Filter>Header Files</Filter>
    </ClInclude>
    <ClInclude Include="..\inc\xstringfunc.hpp">
      <Filter>Header Files</Filter>
    </ClInclude>
    <ClInclude Include="..\lzo\inc\lzoconf.h">
      <Filter>Header Files</Filter>
    </ClInclude>
    <ClInclude Include="..\lzo\inc\lzodefs.h">
      <Filter>Header Files</Filter>
    </ClInclude>
    <ClInclude Include="..\lzo\inc\minilzo.h">
      <Filter>Header Files</Filter>
    </ClInclude>
    <ClInclude Include="..\wavefile\inc\CaptureWaveData.h">
      <Filter>Header Files</Filter>
    </ClInclude>
    <ClInclude Include="..\wavefile\inc\WaveFileHeader.h">
      <Filter>Header Files</Filter>
    </ClInclude>
    <ClInclude Include="..\Feature\inc\Feature.h">
      <Filter>Header Files</Filter>
    </ClInclude>
    <ClInclude Include="..\inc\IFeature.h">
      <Filter>Header Files</Filter>
    </ClInclude>
    <ClInclude Include="..\key\inc\GlobalKey.h">
      <Filter>Header Files</Filter>
    </ClInclude>
    <ClInclude Include="..\key\inc\Key.h">
      <Filter>Header Files</Filter>
    </ClInclude>
    <ClInclude Include="..\inc\PathUtils.h">
      <Filter>Header Files</Filter>
    </ClInclude>
    <ClInclude Include="..\inc\Crc32.h">
      <Filter>Header Files</Filter>
    </ClInclude>
    <ClInclude Include="..\inc\IGenericFeature.h">
      <Filter>Header Files</Filter>
    </ClInclude>
    <ClInclude Include="..\Feature\inc\GenericFeature.h">
      <Filter>Header Files</Filter>
    </ClInclude>
  </ItemGroup>
  <ItemGroup>
    <None Include="packages.config" />
  </ItemGroup>
</Project>